cves:
  - id: CVE-2026-8763
    cvss: "9.3"
    epss: null
    type: auth-bypass
    vector: zero-click
    auth: pre-auth
    status: [patch-available]
    affected: "Bouncy Castle for Java < 1.85 (BC-LTS < 2.73.12)"
    fixed: "1.85 (BC-LTS 2.73.12)"
    note: "Name Constraints bypass via trailing dot in rfc822Name and URI"
  - id: CVE-2026-12185
    cvss: "7.1"
    epss: null
    type: dos
    vector: zero-click
    auth: pre-auth
    status: [patch-available]
    affected: "Bouncy Castle for Java < 1.85 (BC-LTS < 2.73.12)"
    fixed: "1.85 (BC-LTS 2.73.12)"
    note: "BKS/UBER keystore allocates from untrusted lengths before integrity check"
  - id: CVE-2026-12802
    cvss: "8.7"
    epss: null
    type: logic-flaw
    vector: zero-click
    auth: pre-auth
    status: [patch-available]
    affected: "Bouncy Castle for Java < 1.85 (BC-LTS < 2.73.12)"
    fixed: "1.85 (BC-LTS 2.73.12)"
    note: "CMS AuthEnvelopedData fails to enforce tag-length on decryption"
  - id: CVE-2026-12803
    cvss: "8.7"
    epss: null
    type: logic-flaw
    vector: zero-click
    auth: pre-auth
    status: [patch-available]
    affected: "Bouncy Castle for Java < 1.85 (BC-LTS < 2.73.12)"
    fixed: "1.85 (BC-LTS 2.73.12)"
    note: "KCCMBlockCipher MAC does not bind nonce when AAD is absent (cross-nonce AEAD forgery)"
  - id: CVE-2026-12816
    cvss: "8.7"
    epss: null
    type: logic-flaw
    vector: zero-click
    auth: pre-auth
    status: [patch-available]
    affected: "Bouncy Castle for Java < 1.85 (BC-LTS < 2.73.12)"
    fixed: "1.85 (BC-LTS 2.73.12)"
    note: "IESEngine stream-mode MAC forgery via length-dependent KDF split"
  - id: CVE-2026-12817
    cvss: "8.7"
    epss: null
    type: logic-flaw
    vector: zero-click
    auth: pre-auth
    status: [patch-available]
    affected: "Bouncy Castle for Java < 1.85 (BC-LTS < 2.73.12)"
    fixed: "1.85 (BC-LTS 2.73.12)"
    note: "OpenPGP AEAD decryption skips final tag on chunk-aligned data"
  - id: CVE-2026-12852
    cvss: "8.7"
    epss: null
    type: dos
    vector: zero-click
    auth: pre-auth
    status: [patch-available]
    affected: "Bouncy Castle for Java < 1.85 (BC-LTS < 2.73.12)"
    fixed: "1.85 (BC-LTS 2.73.12)"
    note: "MLS wire decoder allocates attacker-declared opaque length before bounds check"
  - id: CVE-2026-12860
    cvss: "8.7"
    epss: null
    type: logic-flaw
    vector: zero-click
    auth: pre-auth
    status: [patch-available]
    affected: "Bouncy Castle for Java < 1.85 (BC-LTS < 2.73.12)"
    fixed: "1.85 (BC-LTS 2.73.12)"
    note: "RSA PKCS#1 verification skips last two hash bytes in NULL-omitted path"
  - id: CVE-2026-13506
    cvss: "8.7"
    epss: null
    type: dos
    vector: zero-click
    auth: pre-auth
    status: [patch-available]
    affected: "Bouncy Castle for Java < 1.85 (BC-LTS < 2.73.12)"
    fixed: "1.85 (BC-LTS 2.73.12)"
    note: "Lazy ASN.1 sequence forcing resets nesting-depth guard"
  - id: CVE-2026-13586
    cvss: "5.3"
    epss: null
    type: dos
    vector: zero-click
    auth: pre-auth
    status: [patch-available]
    affected: "Bouncy Castle for Java < 1.85 (BC-LTS < 2.73.12)"
    fixed: "1.85 (BC-LTS 2.73.12)"
    note: "PKCS#12 MAC and bag-decryption KDF iteration-count bound (DoS)"
  - id: CVE-2026-14682
    cvss: "8.7"
    epss: null
    type: dos
    vector: zero-click
    auth: pre-auth
    status: [patch-available]
    affected: "Bouncy Castle for Java < 1.85 (BC-LTS < 2.73.12)"
    fixed: "1.85 (BC-LTS 2.73.12)"
    note: "Possible OOM from unbounded up-front allocation on a definite-length read"
  - id: CVE-2026-15055
    cvss: "5.3"
    epss: null
    type: dos
    vector: zero-click
    auth: pre-auth
    status: [patch-available]
    affected: "Bouncy Castle for Java < 1.85 (BC-LTS < 2.73.12)"
    fixed: "1.85 (BC-LTS 2.73.12)"
    note: "PKCS#8 / PBES2 decryptors honour unbounded KDF cost from input"
  - id: CVE-2026-58059
    cvss: "8.7"
    epss: null
    type: dos
    vector: zero-click
    auth: pre-auth
    status: [patch-available]
    affected: "Bouncy Castle for Java < 1.85 (BC-LTS < 2.73.12)"
    fixed: "1.85 (BC-LTS 2.73.12)"
    note: "Quadratic-time escaping when stringifying X.500 distinguished names"
  - id: CVE-2026-58060
    cvss: "8.7"
    epss: null
    type: dos
    vector: zero-click
    auth: pre-auth
    status: [patch-available]
    affected: "Bouncy Castle for Java < 1.85 (BC-LTS < 2.73.12)"
    fixed: "1.85 (BC-LTS 2.73.12)"
    note: "HSS public-key level count unbounded, enabling huge allocation on verify"
  - id: CVE-2026-58061
    cvss: "8.7"
    epss: null
    type: logic-flaw
    vector: zero-click
    auth: pre-auth
    status: [patch-available]
    affected: "Bouncy Castle for Java < 1.85 (BC-LTS < 2.73.12)"
    fixed: "1.85 (BC-LTS 2.73.12)"
    note: "CCM-family modes write plaintext to caller buffer before tag check"
  - id: CVE-2026-58062
    cvss: "9.3"
    epss: null
    type: auth-bypass
    vector: zero-click
    auth: pre-auth
    status: [patch-available]
    affected: "Bouncy Castle for Java < 1.85 (BC-LTS < 2.73.12)"
    fixed: "1.85 (BC-LTS 2.73.12)"
    note: "Stapled OCSP response accepted without binding to the checked certificate"
  - id: CVE-2026-58063
    cvss: "5.3"
    epss: null
    type: dos
    vector: zero-click
    auth: pre-auth
    status: [patch-available]
    affected: "Bouncy Castle for Java < 1.85 (BC-LTS < 2.73.12)"
    fixed: "1.85 (BC-LTS 2.73.12)"
    note: "BCFKS keystore load honours unbounded KDF cost from untrusted file"
  - id: CVE-2026-59638
    cvss: "9.3"
    epss: null
    type: auth-bypass
    vector: zero-click
    auth: pre-auth
    status: [patch-available]
    affected: "Bouncy Castle for Java < 1.85 (BC-LTS < 2.73.12)"
    fixed: "1.85 (BC-LTS 2.73.12)"
    note: "JSSE hostname verifier CN-fallback enabled by default despite documented opt-in"
  - id: CVE-2026-59639
    cvss: "8.7"
    epss: null
    type: logic-flaw
    vector: zero-click
    auth: pre-auth
    status: [patch-available]
    affected: "Bouncy Castle for Java < 1.85 (BC-LTS < 2.73.12)"
    fixed: "1.85 (BC-LTS 2.73.12)"
    note: "CMS verifySignatures returns true for SignedData with zero signers"
  - id: CVE-2026-59640
    cvss: "8.7"
    epss: null
    type: logic-flaw
    vector: zero-click
    auth: pre-auth
    status: [patch-available]
    affected: "Bouncy Castle for Java < 1.85 (BC-LTS < 2.73.12)"
    fixed: "1.85 (BC-LTS 2.73.12)"
    note: "OpenPGP CFB quick-check oracle active on symmetric/session-key paths"
  - id: CVE-2026-59641
    cvss: "8.7"
    epss: null
    type: logic-flaw
    vector: zero-click
    auth: pre-auth
    status: [patch-available]
    affected: "Bouncy Castle for Java < 1.85 (BC-LTS < 2.73.12)"
    fixed: "1.85 (BC-LTS 2.73.12)"
    note: "S/MIME validator trusts signer-asserted signingTime for path validation"
  - id: CVE-2026-59642
    cvss: "8.7"
    epss: null
    type: logic-flaw
    vector: zero-click
    auth: pre-auth
    status: [patch-available]
    affected: "Bouncy Castle for Java < 1.85 (BC-LTS < 2.73.12)"
    fixed: "1.85 (BC-LTS 2.73.12)"
    note: "CMS AuthenticatedData content not bound to MAC when authAttrs present"
  - id: CVE-2026-59643
    cvss: "8.7"
    epss: null
    type: logic-flaw
    vector: zero-click
    auth: pre-auth
    status: [patch-available]
    affected: "Bouncy Castle for Java < 1.85 (BC-LTS < 2.73.12)"
    fixed: "1.85 (BC-LTS 2.73.12)"
    note: "OpenPGP inline-signature policy failures silently ignored"
  - id: CVE-2026-59644
    cvss: "8.7"
    epss: null
    type: logic-flaw
    vector: zero-click
    auth: pre-auth
    status: [patch-available]
    affected: "Bouncy Castle for Java < 1.85 (BC-LTS < 2.73.12)"
    fixed: "1.85 (BC-LTS 2.73.12)"
    note: "MLS hash-ratchet honours arbitrary 32-bit generation counter from sender"
  - id: CVE-2026-59645
    cvss: "8.7"
    epss: null
    type: dos
    vector: zero-click
    auth: pre-auth
    status: [patch-available]
    affected: "Bouncy Castle for Java < 1.85 (BC-LTS < 2.73.12)"
    fixed: "1.85 (BC-LTS 2.73.12)"
    note: "OER parser recurses without depth limit on self-referential IEEE 1609.2 schema"
  - id: CVE-2026-59646
    cvss: "8.7"
    epss: null
    type: dos
    vector: zero-click
    auth: pre-auth
    status: [patch-available]
    affected: "Bouncy Castle for Java < 1.85 (BC-LTS < 2.73.12)"
    fixed: "1.85 (BC-LTS 2.73.12)"
    note: "DTLS handshake reassembler allocates buffer from unchecked 24-bit length"
  - id: CVE-2026-59647
    cvss: "6.9"
    epss: null
    type: dos
    vector: zero-click
    auth: pre-auth
    status: [patch-available]
    affected: "Bouncy Castle for Java < 1.85 (BC-LTS < 2.73.12)"
    fixed: "1.85 (BC-LTS 2.73.12)"
    note: "CRMF/CMP password-MAC honours unbounded iteration count"
  - id: CVE-2026-59648
    cvss: "6.9"
    epss: null
    type: dos
    vector: zero-click
    auth: pre-auth
    status: [patch-available]
    affected: "Bouncy Castle for Java < 1.85 (BC-LTS < 2.73.12)"
    fixed: "1.85 (BC-LTS 2.73.12)"
    note: "OpenPGP Argon2 S2K honours attacker-chosen memory and passes"
  - id: CVE-2026-59649
    cvss: "8.7"
    epss: null
    type: dos
    vector: zero-click
    auth: pre-auth
    status: [patch-available]
    affected: "Bouncy Castle for Java < 1.85 (BC-LTS < 2.73.12)"
    fixed: "1.85 (BC-LTS 2.73.12)"
    note: "OpenPGP user-attribute subpacket length bounded only by JVM max memory"
  - id: CVE-2026-59650
    cvss: "9.3"
    epss: null
    type: info-disclosure
    vector: zero-click
    auth: pre-auth
    status: [patch-available]
    affected: "Bouncy Castle for Java < 1.85 (BC-LTS < 2.73.12)"
    fixed: "1.85 (BC-LTS 2.73.12)"
    note: "MTI/A0 DH agreement exponentiates unvalidated peer value"
  - id: CVE-2026-59651
    cvss: "7.1"
    epss: null
    type: logic-flaw
    vector: zero-click
    auth: pre-auth
    status: [patch-available]
    affected: "Bouncy Castle for Java < 1.85 (BC-LTS < 2.73.12)"
    fixed: "1.85 (BC-LTS 2.73.12)"
    note: "BKS keystore accepts legacy version with 16-bit integrity MAC key"
  - id: CVE-2026-59652
    cvss: "6.9"
    epss: null
    type: logic-flaw
    vector: zero-click
    auth: pre-auth
    status: [patch-available]
    affected: "Bouncy Castle for Java < 1.85 (BC-LTS < 2.73.12)"
    fixed: "1.85 (BC-LTS 2.73.12)"
    note: "LDAP filter injection in legacy jdk1.4 LDAPStoreHelper"
