    - n: 3
      model: "Opus 5"
      model_id: "claude-opus-5"
      subagent_type: cti-verification
      started_at: "2026-08-19T05:59:42Z"
      ended_at: "2026-08-19T06:16:53Z"
      verdict: NEEDS_FIXES
      truth: 4
      editorial: 0
      advisory: 3
      findings:
        - {code: F13, category: analytical-link-as-fact, entry: "entities/registry.yaml — malware:medusa", summary: "accumulated editing damage across files: the entry was correctly rewritten to stop presenting the initial-access-broker payments as the source of the group's exploit access, but the registry record created by the same run still chained the withdrawn construction — developing no flaws of their own, buying access from brokers — so the retired claim survived in the entity namespace after being removed from the entry.", remediation_applied: "the registry summary was rewritten to match the corrected entry: the exploit access is attributed to sources the agencies could not identify, and the broker payments are stated separately as buying entry into victim networks."}
        - {code: F3, category: claim-not-supported, entry: "2026-08-19/cve-2026-15748-forminator-forms-unauth-file-upload-rce", summary: "the disclosure timeline was wrong in two places and carried no inline citation. The source's own timeline records the bug-bounty submission on 2026-07-11, not 2026-07-14, and describes the 2026-07-20 step as the vendor submitting a patch for review rather than acknowledging the report.", remediation_applied: "the whole timeline was restated from the source's published sequence — submission 07-11, validation and disclosure to the vendor 07-14, vendor patch submitted for review 07-20, 1.56.2 released 07-31, write-up 08-17 — and given its own inline citation."}
        - {code: F4, category: hallucinated-fact, entry: "runs/2026-08-19/2026-08-19T0410Z-intel.md", summary: "the published notes asserted that both sets of relayed-source entries carry a credibility of 2. The plugin entries do; the ransomware-advisory entry carries 1, correctly and deliberately, because two journalists independently read the advisory itself rather than restating one assessor. The record therefore misdescribed its own output — the same bookkeeping-integrity class the previous iteration caught.", remediation_applied: "the sentence was rewritten to draw the distinction it had collapsed, stating why the two cases differ and why the advisory entry keeps a credibility of 1."}
        - {code: F14, category: quantifier-without-source, entry: "2026-08-19/cve-2026-15748-forminator-forms-unauth-file-upload-rce", summary: "the title and body said the root cause went public three weeks after the patch. The entry's own dates give seventeen days, and no cited source states any interval — an invented number sitting in the most-read field and trivially checkable by any reader.", remediation_applied: "replaced with the interval the entry's own cited dates support, in both the title and the body."}
        - {code: F16, category: editorial-advisory, entry: "2026-08-19/cve-2026-55040-sharepoint-kev-exploitation-confirmed", summary: "advisory, and a fair catch on precision rather than truth: the entry said the vendor's exploitability field disagrees with the catalogue, one clause after telling the reader the vendor assesses exploitation as more likely — which agrees with it. The field that actually disagrees is the record's exploited flag.", remediation_applied: "accepted and rewritten to name the exploited flag as the disagreeing field, note that the exploitability assessment agrees, and mark the contrast with the sibling entry where both fields disagree."}
        - {code: F11, category: editorial-advisory, entry: "2026-08-19/purpledelta-dprk-it-worker-facilitator-rmm-detection + entities/registry.yaml — actor:purpledelta", summary: "advisory: an entry built around preserving the source's hedges dropped one. The source says some of the 22 personas were supported by the AI photographs, chatbot assistants and forged documents; the summary and the registry record generalised that to all of them. The body had it right.", remediation_applied: "accepted; both the summary and the registry record now carry the source's own partial quantifier."}
        - {code: F11, category: editorial-advisory, entry: "2026-08-19/clop-windchill-custom-implant-reverse-engineered", summary: "advisory: the single inline quotation in the run that was not a literal substring of its source, differing only in a straight apostrophe where the source has a right single quotation mark. No semantic change, but the run record claims every quotation was literal-substring-checked, so the claim was not quite true.", remediation_applied: "the source's own character was restored and the quote re-checked as a literal substring of the saved body, which it now is."}
      note: "tasked explicitly with not trusting the record's own remediation bookkeeping after the previous iteration found an overwritten fix, and with hunting damage accumulated across two remediation rounds. It found seven further defects and every one is that shape or a precision error: a withdrawn claim surviving in the entity registry after being removed from the entry, a wrong date and a wrong interval in a title, a run record misdescribing its own credibility ratings, and three narrow precision issues including the one inline quote in the run whose apostrophe did not match its source. It re-verified all nineteen prior remediations as present on disk this time, and separately re-confirmed URL truth, per-clause attribution, the seven high priorities and the four borderline drops with no further objection."
