    - n: 2
      model: "Sonnet 5"
      model_id: "claude-sonnet-5"
      subagent_type: cti-verification-alt
      started_at: "2026-08-19T05:52:38Z"
      ended_at: "2026-08-19T05:57:15Z"
      verdict: NEEDS_FIXES
      truth: 1
      editorial: 0
      advisory: 1
      findings:
        - {code: F4, category: hallucinated-fact, entry: "runs/2026-08-19/2026-08-19T0410Z-intel.md", summary: "a telemetry line in this record still asserted that the EU vulnerability database independently corroborated both exploitation dates — the exact claim the two entries had just been rewritten to withdraw, leaving the record contradicting both its own corrected entries and the previous iteration's verdict note in the same file. Accumulated editing damage: the entries were fixed and the telemetry describing them was not.", remediation_applied: "the line was rewritten to state what that source actually supplied (the structured affected and fixed build ranges) and to record explicitly that it did NOT independently corroborate either exploitation date, with the mirror finding named as the reason."}
        - {code: F11, category: editorial-advisory, entry: "2026-08-19/cve-2026-33824-ikeext-kev-confirmed-exploited", summary: "advisory, but with an accurate and uncomfortable point attached: the actor-continuity sentence this record claims was applied for the previous iteration's F11 finding was absent from the shipped entry. It was lost when the same sourcing note was rewritten for the independence fix, so the record's remediation bookkeeping was inaccurate even though the underlying issue stayed mild.", remediation_applied: "the sentence was restored to the sourcing note — the actor is carried as continuity with the prior entry on this CVE, background only and not attribution for a determination that names nobody — and its presence was verified in the file rather than assumed."}
      note: "a targeted confirmation pass on the alternate model, re-deriving each of the previous iteration's remediations against evidence already on disk rather than re-fetching. It independently confirmed all of them correct and fully supported: the withdrawn independence claim on both catalogue entries, the withdrawn regional-victim claim in the deep dive, the rewritten SharePoint title, the added unfixed-product row and sibling-flaw paragraph on the identity-provider entry, the whole ransomware-advisory rewrite including the registry record, both absolute-negative fixes on the plugin entries, the corrected release-window claim, and the preserved inference hedge. Its two findings are both instances of the failure mode it was asked to hunt — damage that accumulates when one field is edited twice — and one of them caught this run misreporting a remediation as applied when it had been overwritten, which is the more useful of the two."
