verification_iterations: 1
verification_residual_count: null
verification:
  iterations:
    - n: 1
      model: "Opus 5"
      model_id: "claude-opus-5"
      subagent_type: cti-verification
      started_at: "2026-08-19T05:19:33Z"
      ended_at: "2026-08-19T05:45:29Z"
      verdict: NEEDS_FIXES
      truth: 11
      editorial: 4
      advisory: 2
      findings:
        - {code: F13, category: analytical-link-as-fact, entry: "2026-08-19/clop-windchill-custom-implant-reverse-engineered", summary: "the deep dive's constituency-relevance claim stated that the campaign's leak-site batch already includes a Swiss and a Dutch organisation. Neither cited source says so — the verifier counted zero occurrences of Swiss, Dutch, Switzerland or Netherlands in both — and the claim inverts a caveat this store published twice, that no source links the named leak-site batch to the Windchill exploitation.", remediation_applied: "the claim is withdrawn. The takeaway now states explicitly that neither cited source places a Swiss or Dutch organisation in this campaign and that the store's earlier coverage records no link between those listings and this exploitation; the exposure is framed through the product estate instead. The sourcing note records the same, and switzerland was removed from the entry's regions."}
        - {code: F13, category: analytical-link-as-fact, entry: "2026-08-19/cve-2026-55040-sharepoint-kev-exploitation-confirmed", summary: "the title asserted this CVE had already breached Swiss federal and cantonal government, which the entry's own body and sourcing note both explicitly disclaim, and which prior coverage attributes to a different set of flaws.", remediation_applied: "title rewritten to say the listing lands on an estate this constituency has had breached twice, without attributing those breaches to this identifier. The body and sourcing note already carried the disclaimer and are unchanged."}
        - {code: F13, category: analytical-link-as-fact, entry: "2026-08-19/cve-2026-33824-ikeext-kev-confirmed-exploited ; 2026-08-19/cve-2026-55040-sharepoint-kev-exploitation-confirmed", summary: "both entries described ENISA's database as independently corroborating CISA's exploitation determination. The run's own saved evidence contradicts it: all four records in that catalogue update were written in a single one-second batch about three hours after CISA released the catalogue, each exploitedSince is a midnight date equal to CISA's dateAdded rather than a telemetry timestamp, and both records' CVSS vectors still carry exploit maturity Unproven, copied from Microsoft's. It is mirroring the determination, not assessing it.", remediation_applied: "the independence claim is withdrawn from both entries — title, summary, body and sourcing note. Both now state that the determination rests on one authority, that ENISA carries the record and the EPSS as a mirror rather than a second assessment, and cite the specific evidence for that reading (batch write, date copy, unproven exploit-maturity metric)."}
        - {code: F17, category: classification, entry: "three entries", summary: "three entries rated credibility 1 on corroboration they do not show. With the ENISA independence claim withdrawn, both exploitation determinations rest on a single authority that the affected vendor contradicts; and the Metabase entry's load-bearing operational content is the vendor's, relayed second-hand by a tracker.", remediation_applied: "credibility lowered from 1 to 2 on all three entries, with the reasoning written into each sourcing note. Reliability ratings are unchanged and were confirmed correct by the verifier."}
        - {code: F3, category: claim-not-supported, entry: "2026-08-19/medusa-raas-advisory-update-24-hour-weaponisation", summary: "title, headline and body said the agencies state the group buys its exploits. No source says that — the advisory language is that it obtains advanced access from sources the agencies could not identify — and the entry compounded the error by using the broker payments as evidence for it, when those payments are for initial access to victim networks, a different market.", remediation_applied: "title, headline, summary and body rewritten to the advisory's own formulation, and the two markets are now explicitly separated: exploit access obtained from unidentified sources, and separately initial-access brokers who sell entry into networks."}
        - {code: F3, category: claim-not-supported, entry: "2026-08-19/medusa-raas-advisory-update-24-hour-weaponisation", summary: "a sentence naming both Fortra GoAnywhere and the February 2026 BeyondTrust disclosure carried one trailing citation to healthsystemCIO, which never mentions GoAnywhere; that half belongs to CyberScoop.", remediation_applied: "the sentence was split so each product is attributed to the outlet that actually carries it — GoAnywhere and BeyondTrust to CyberScoop, the February 2026 BeyondTrust worked example to healthsystemCIO."}
        - {code: F3, category: claim-not-supported, entry: "2026-08-19/purpledelta-dprk-it-worker-facilitator-rmm-detection", summary: "the entry asserted as fact that credentials and identities are bought from infostealer-log channels. Insikt observed the identity purchases directly but records the infostealer-credential purchase only as a suggestion inferred from observing the operators across such channels — a hedge the entry's own sourcing note promised to preserve.", remediation_applied: "the clause was split: the observed identity and account purchases are stated, and the infostealer-credential purchase is carried as Insikt's inference in both the body and the sourcing note."}
        - {code: F4, category: hallucinated-fact, entry: "2026-08-19/cve-2026-19478-gitlab-graphql-unauth-data-destruction", summary: "the entry said the affected range covered every release line since mid-2026. GitLab 18.2 shipped 2025-07-17 per GitLab's own release notes, so the claim was wrong by a year, uncited by either source, and internally inconsistent with the entry's own fourteen-line affected range.", remediation_applied: "the invented date window was removed rather than replaced with another inference: the entry now says every release line from 18.2 onward, a little over a year of releases, which is what the vendor's own affected list supports."}
        - {code: F4, category: hallucinated-fact, entry: "2026-08-19/medusa-raas-advisory-update-24-hour-weaponisation", summary: "the sector list in both summary and body included technology, which appears in none of the three cited outlets as a Medusa victim sector; the only published list is healthsystemCIO's. The invented sector had already propagated into the new registry record.", remediation_applied: "the sector list in the summary, the body and the registry record for the new entity were all replaced with the one list a cited outlet actually publishes, attributed to that outlet."}
        - {code: F4, category: hallucinated-fact, entry: "2026-08-19/medusa-raas-advisory-update-24-hour-weaponisation", summary: "the entry linked an actor entity although the body never mentions it and no cited source ties the advisory to that cluster. Worse, the store's own registry records that actor as having moved off Medusa to a different strain from 2026-08-02, so the link would have corrupted its timeline.", remediation_applied: "the entity link was removed, leaving only the new ransomware-family key."}
        - {code: F14, category: quantifier-without-source, entry: "2026-08-19/cve-2026-15748-forminator-forms-unauth-file-upload-rce ; 2026-08-19/cve-2026-15826-user-profile-builder-type-confusion-admin", summary: "both entries attributed to Wordfence an absolute negative — that it reports no observed exploitation and no blocked attempts — which Wordfence never published in either direction. What its posts actually carry is a firewall-protection claim about its own product, which both entries had correctly excluded.", remediation_applied: "both entries now state that Wordfence makes no statement about observed exploitation either way, and attribute the unknown-exploitation status to the Swiss advisory, which does publish it. The product-protection claim remains excluded."}
        - {code: F14, category: quantifier-without-source, entry: "2026-08-19/cve-2026-15826-user-profile-builder-type-confusion-admin", summary: "the entry described a two-day vendor turnaround measured from the researcher's intake date, which is not vendor time; the source records disclosure to the vendor on 15 July and a patch on 16 July, the same day the vendor acknowledged it.", remediation_applied: "the invented interval was removed and the timeline restated in the source's own terms, including that the fix shipped the same day the vendor acknowledged the report."}
        - {code: F8, category: needs-more-research, entry: "2026-08-19/cve-2026-18963-keycloak-reset-credentials-account-takeover", summary: "the entry claimed its scope came from the vendor's structured package-state data but omitted a second affected product from that same table — the JBoss EAP Expansion Pack, recorded Affected with no erratum — which is a materially different operational position from an upgrade instruction.", remediation_applied: "verified independently against Red Hat's security-data API and added: the affected-product list, the CVE record's affected and fixed fields, a new body paragraph, and an amended action covering the deployment that has no patch to apply. Red Hat Single Sign-On 7 being recorded Not affected is also now stated."}
        - {code: F10, category: missed-angle, entry: "2026-08-19/cve-2026-18963-keycloak-reset-credentials-account-takeover", summary: "the erratum the entry cites for the 26.6 stream closes five CVEs, not one, and four were absent from the store. Two are on the same identity surface as the entry's own thesis — a second account-takeover path via a malicious OIDC client, and rotated client secrets leaked through the Admin REST API — and the 26.4 erratum closes only one flaw, so the two upgrades are not equivalent.", remediation_applied: "verified independently against both errata pages, then added a body paragraph naming all four siblings from the erratum's own security-fix list, stating the asymmetry between the two streams, and citing the erratum as a source. All four identifiers were added to the CVE index with explanatory titles marking them as upgrade-comparability context rather than assessed coverage."}
        - {code: F6, category: strengthen-primary-source, entry: "2026-08-19/metabase-downstream-victims-nine-credential-rotation", summary: "the primary-role source is a commercial tracker rated reliability C by the entry itself, while the load-bearing operational content — the compromise indicator and the whole remediation set — originates with the vendor and is relayed second-hand.", remediation_applied: "both routes to the vendor at first hand were attempted and neither is reachable from this environment: the advisory database returns no record for the identifier the tracker names, and the advisory host is egress-blocked. Rather than cite an unverified URL, the sourcing note now records the attempt, states that the guidance is relayed, and names the vendor as its originator; credibility was lowered to 2 on the same reasoning."}
        - {code: F11, category: editorial-advisory, entry: "2026-08-19/cve-2026-33824-ikeext-kev-confirmed-exploited", summary: "advisory. An actor entity is carried on an entry whose headline event is an exploitation determination that names nobody, inviting a downstream reader to attribute the flip to that actor.", remediation_applied: "accepted and applied: the sourcing note now states the actor is carried as continuity with the prior entry on this CVE and is background, not attribution for this determination — matching how the sibling SharePoint entry handles the same situation."}
        - {code: F11, category: editorial-advisory, entry: "runs/2026-08-19/2026-08-19T0410Z-intel.md", summary: "advisory. Workflow-internal vocabulary appeared in a telemetry field of the published run record.", remediation_applied: "accepted and reworded to the reader-facing register used elsewhere in the record."}
      note: "read cold across 22 URLs with 31 bridge fetches, re-deriving claims against the run's own saved raw bodies rather than trusting the composition. It cleared several things it actively tried to break: the two-stream, four-errata Keycloak mapping was re-derived independently and confirmed correct in every particular; every evidence quote across all eleven entries was confirmed a contiguous verbatim substring; no indicator from the deep dive's source indicator table leaked into the entry; the deep-dive-as-update treatment was upheld with no recap found; all seven high priorities were tested and none argued down; and all four borderline drops were tested and upheld. Its strongest findings were the two unsupported regional-attribution claims and the discovery that the second cataloguing authority is mirroring the first rather than assessing independently, which changed the credibility rating on three entries."
