    - n: 6
      model: "Sonnet 5"
      model_id: "claude-sonnet-5"
      subagent_type: cti-verification-alt
      started_at: "2026-08-19T06:50:49Z"
      ended_at: "2026-08-19T06:59:04Z"
      verdict: NEEDS_FIXES
      truth: 2
      editorial: 0
      advisory: 0
      findings:
        - {code: F4, category: hallucinated-fact, entry: "2026-08-19/medusa-raas-advisory-update-24-hour-weaponisation", summary: "the invented sector the first iteration removed from the summary, the body and the entity record was still sitting in the entry's frontmatter taxonomy field, which that remediation never touched. The body now states in terms that no cited outlet lists it, so the entry contradicted itself between its metadata and its prose — the fifth instance of a fix landing in one place and not its sibling, this time in a field no prior iteration had swept.", remediation_applied: "the unsupported sector was removed from the taxonomy field, leaving the five values that map onto the one sector list a cited outlet actually publishes."}
        - {code: F14, category: quantifier-without-source, entry: "2026-08-19/clop-windchill-custom-implant-reverse-engineered", summary: "the sourcing note compared two victim-listing counts, but only the lower one is carried by a cited source. The higher figure appears in neither source's fetched body, and an independent search found no corroboration for it anywhere — it had travelled in from this store's earlier coverage of the same leak-site batch without a citation coming with it.", remediation_applied: "the comparison was dropped. The note now carries only the figure its own source states, says plainly that it is not a count of confirmed compromises, and records that the differing figure lives in this store's earlier coverage rather than in either source cited here."}
      note: "prioritised the cross-file consistency sweep as asked and extended it to frontmatter taxonomy fields, which no earlier iteration had checked — and that is where it found the recurring defect resurfacing. It confirmed all three of the previous iteration's fixes correctly landed, and re-verified the eleven entries' quotes against the saved bodies, roughly 25 cited URLs for reachability, the identity-provider erratum asymmetry, the catalogue-mirror evidence chain, the two Microsoft-field distinctions, the disclosure timelines and the entity summaries, all of which held. Both of its findings are truth-class and both are the same accumulated-editing shape this loop has produced in every round."
