    - n: 5
      model: "Opus 5"
      model_id: "claude-opus-5"
      subagent_type: cti-verification
      started_at: "2026-08-19T06:29:00Z"
      ended_at: "2026-08-19T06:48:00Z"
      verdict: NEEDS_FIXES
      truth: 2
      editorial: 0
      advisory: 1
      findings:
        - {code: F13, category: analytical-link-as-fact, entry: "runs/2026-08-19/2026-08-19T0410Z-intel.md", summary: "the notes body still described the extortion campaign as one that already has a Swiss victim — the exact claim the first iteration forced out of the entry the sentence was describing. Both cited sources were re-fetched and contain no mention of Swiss, Switzerland or Dutch. The entry was corrected in round one and the record's own prose about that entry was not, which is the fourth instance this run of a fix landing in one file and not its sibling.", remediation_applied: "the clause was removed; the notes now describe an active mass-extortion campaign without asserting a regional victim."}
        - {code: F4, category: hallucinated-fact, entry: "2026-08-19/purpledelta-dprk-it-worker-facilitator-rmm-detection", summary: "the entry stated what the Android emulation software is used for. The only cited source names the tool once, in a bare list of operator tooling, and states no purpose — so the stated purpose was the composition's inference, not a sourced fact, on an entry whose whole discipline is preserving what the source does and does not claim.", remediation_applied: "the purpose clause was removed. The entry now records that the source lists the tool among the operators' tooling without stating what it is for, and says explicitly that no purpose is inferred."}
        - {code: F11, category: editorial-advisory, entry: "2026-08-19/cve-2026-15748-forminator-forms-unauth-file-upload-rce", summary: "advisory, raised to prevent a future flip-flop rather than to change anything: the cited source contradicts itself on the submission date, its opening paragraph saying 14 July and its structured timeline saying 11 July with 14 July as validation and vendor disclosure. The entry rests on the timeline, which the verifier judged the correct half."}
      note: "the confirmation pass on the other model declined to confirm, and was right to: it found the withdrawn regional-victim claim still alive in the run record's own notes and an unsourced purpose attributed to a tool the source merely lists. Both are the accumulated-editing class that has surfaced in every round of this loop, and the first is a fourth instance of a fix landing in an entry but not in the prose describing it. Its advisory finding is the more useful kind — it documents a self-contradiction inside a cited source and states which half the entry follows, so a later fire does not reverse the choice without knowing there was one. Under active attack it otherwise reached the same conclusions as the previous pass on URL truth, quote integrity, the technique mappings, the priority spread, the action items, the four drops and window coverage."
