    - n: 7
      model: "Opus 5"
      model_id: "claude-opus-5"
      subagent_type: cti-verification
      started_at: "2026-08-19T07:00:20Z"
      ended_at: "2026-08-19T07:15:00Z"
      verdict: NEEDS_FIXES
      truth: 2
      editorial: 0
      advisory: 1
      findings:
        - {code: F14, category: quantifier-without-source, entry: "2026-08-19/clop-windchill-custom-implant-reverse-engineered", summary: "the deep dive's title asserted that a single header byte drives the implant. No cited source says it: the primary states only that the shell routes commands through a custom HTTP request header rather than a visible body, and the byte-level detail appears nowhere in either source's fetched body or anywhere else in the entry. It had travelled in from the surfacing pass's own characterisation and lodged in the most-read field of the run.", remediation_applied: "the title now says a custom request header carries the commands, which is what the primary states, and drops the byte-level claim entirely."}
        - {code: F4, category: hallucinated-fact, entry: "runs/2026-08-19/2026-08-19T0410Z-intel.md", summary: "a fetch-failure telemetry field still carried the diagnosis this same fire proved wrong and corrected two hundred lines below in its own notes — describing the research host's advisory pages as client-rendered shells when the probe showed a site-wide anti-bot interstitial answering every path including the feed and sitemap. The record contradicted itself about its own finding.", remediation_applied: "the telemetry field was rewritten to the corrected diagnosis and its error class changed from a recipe gap to a transport block, matching what the notes body and the source record now say."}
        - {code: F11, category: editorial-advisory, entry: "2026-08-19/clop-windchill-custom-implant-reverse-engineered", summary: "advisory: the sourcing note said the flaw class is given as one outlet states it, but the entry gives no flaw class in its body at all and its structured record carries a different class from the primary. The note described an editorial choice the entry no longer implemented.", remediation_applied: "the note now states the position accurately — that the two sources describe the underlying defect differently, that nothing in this run reconciles them, and that the prose therefore makes no flaw-class claim while the structured record carries the primary's impact class."}
      note: "the final pass, run against the wall-clock watchdog and told so. Asked to sweep the fields no earlier iteration had checked, it found the invented quantifier sitting in the deep dive's own title — seven rounds in, in the single most-read field of the run — plus a telemetry field contradicting a correction the same record makes elsewhere. Both are the accumulated-editing class again, now in its sixth and seventh locations. It re-read the two freshest fixes and confirmed them, and re-derived quote integrity, URL truth, technique mappings, priority calibration and the borderline drops without further objection."
