    - n: 4
      model: "Sonnet 5"
      model_id: "claude-sonnet-5"
      subagent_type: cti-verification-alt
      started_at: "2026-08-19T06:20:57Z"
      ended_at: "2026-08-19T06:26:48Z"
      verdict: CLEAN
      truth: 0
      editorial: 0
      advisory: 0
      findings: []
      note: "first clean verdict in the chain, and therefore not a publish decision on its own — the previous iteration was NEEDS_FIXES, so a confirming pass on the other model was still required. Tasked at the failure mode that had recurred in all three earlier rounds, damage accumulating across edits, it checked each of the 26 remediations for presence in every file it should touch: the entry and its frontmatter, title, headline and summary; the four entity records this run created; the CVE index; and the run record's own prose. It specifically re-checked the entry edited four times and the two self-descriptive statements earlier iterations had caught the record getting wrong about its own entries, and independently re-verified every quote, identifier, score, date and citation-to-clause binding across all eleven entries against the saved source bodies. It found no new defect and no reintroduction of any previously fixed one, and reproduced the mechanical gate at 39 pass, 1 warn, 0 fail."
